lockfile_version: '1'
generated_at: '2026-05-23T09:02:35.740653+00:00'
apm_version: 0.14.2
dependencies:
- repo_url: FukeKazki/simple-takt
  host: github.com
  resolved_commit: 329a8be13869b55cd1948bf9eac02551ea70f4b9
  virtual_path: skills/create-workflow
  is_virtual: true
  package_type: claude_skill
  deployed_files:
  - .agents/skills/create-workflow
  - .claude/skills/create-workflow
  content_hash: sha256:d7997767fcab20cbd238ff977f749a194fa08cd61e231e4335f5be666bd4adea
